
Microsoft Visual Studio Solution File, Format Version 12.00
# Visual Studio Version 17
VisualStudioVersion = 17.6.33829.357
MinimumVisualStudioVersion = 10.0.40219.1
Project("{9A19103F-16F7-4668-BE54-9A1E7A4F7556}") = "JornadaMilhasTest", "JornadaMilhasTest\JornadaMilhasTest.csproj", "{4A297E31-B90B-427D-949F-569E79C2BB62}"
EndProject
Project("{9A19103F-16F7-4668-BE54-9A1E7A4F7556}") = "JornadaMilhas.Application", "JornadaMilhas.Application\JornadaMilhas.Application.csproj", "{5D58E642-C00E-4863-BE6E-528E7AAE04C8}"
EndProject
Project("{9A19103F-16F7-4668-BE54-9A1E7A4F7556}") = "JornadaMilhas.API", "JornadaMilhas.API\JornadaMilhas.API.csproj", "{F29D394C-33D5-4EFF-8A0F-ADD748545008}"
EndProject
Project("{9A19103F-16F7-4668-BE54-9A1E7A4F7556}") = "JornadaMilhas.Core", "JornadaMilhas.Core\JornadaMilhas.Core.csproj", "{FE973FF0-2AD4-4A24-8541-071941337E36}"
EndProject
Project("{9A19103F-16F7-4668-BE54-9A1E7A4F7556}") = "JornadaMilhas.Infrastruture", "JornadaMilhas.Infrastruture\JornadaMilhas.Infrastruture.csproj", "{DC3CAEF2-5834-45EE-841D-867D8A2EE4AC}"
EndProject
Global
	GlobalSection(SolutionConfigurationPlatforms) = preSolution
		Debug|Any CPU = Debug|Any CPU
		Release|Any CPU = Release|Any CPU
	EndGlobalSection
	GlobalSection(ProjectConfigurationPlatforms) = postSolution
		{4A297E31-B90B-427D-949F-569E79C2BB62}.Debug|Any CPU.ActiveCfg = Debug|Any CPU
		{4A297E31-B90B-427D-949F-569E79C2BB62}.Debug|Any CPU.Build.0 = Debug|Any CPU
		{4A297E31-B90B-427D-949F-569E79C2BB62}.Release|Any CPU.ActiveCfg = Release|Any CPU
		{4A297E31-B90B-427D-949F-569E79C2BB62}.Release|Any CPU.Build.0 = Release|Any CPU
		{5D58E642-C00E-4863-BE6E-528E7AAE04C8}.Debug|Any CPU.ActiveCfg = Debug|Any CPU
		{5D58E642-C00E-4863-BE6E-528E7AAE04C8}.Debug|Any CPU.Build.0 = Debug|Any CPU
		{5D58E642-C00E-4863-BE6E-528E7AAE04C8}.Release|Any CPU.ActiveCfg = Release|Any CPU
		{5D58E642-C00E-4863-BE6E-528E7AAE04C8}.Release|Any CPU.Build.0 = Release|Any CPU
		{F29D394C-33D5-4EFF-8A0F-ADD748545008}.Debug|Any CPU.ActiveCfg = Debug|Any CPU
		{F29D394C-33D5-4EFF-8A0F-ADD748545008}.Debug|Any CPU.Build.0 = Debug|Any CPU
		{F29D394C-33D5-4EFF-8A0F-ADD748545008}.Release|Any CPU.ActiveCfg = Release|Any CPU
		{F29D394C-33D5-4EFF-8A0F-ADD748545008}.Release|Any CPU.Build.0 = Release|Any CPU
		{FE973FF0-2AD4-4A24-8541-071941337E36}.Debug|Any CPU.ActiveCfg = Debug|Any CPU
		{FE973FF0-2AD4-4A24-8541-071941337E36}.Debug|Any CPU.Build.0 = Debug|Any CPU
		{FE973FF0-2AD4-4A24-8541-071941337E36}.Release|Any CPU.ActiveCfg = Release|Any CPU
		{FE973FF0-2AD4-4A24-8541-071941337E36}.Release|Any CPU.Build.0 = Release|Any CPU
		{DC3CAEF2-5834-45EE-841D-867D8A2EE4AC}.Debug|Any CPU.ActiveCfg = Debug|Any CPU
		{DC3CAEF2-5834-45EE-841D-867D8A2EE4AC}.Debug|Any CPU.Build.0 = Debug|Any CPU
		{DC3CAEF2-5834-45EE-841D-867D8A2EE4AC}.Release|Any CPU.ActiveCfg = Release|Any CPU
		{DC3CAEF2-5834-45EE-841D-867D8A2EE4AC}.Release|Any CPU.Build.0 = Release|Any CPU
	EndGlobalSection
	GlobalSection(SolutionProperties) = preSolution
		HideSolutionNode = FALSE
	EndGlobalSection
	GlobalSection(ExtensibilityGlobals) = postSolution
		SolutionGuid = {D3B80D59-404C-41F0-A92A-BE439F0318F4}
	EndGlobalSection
EndGlobal
